
Microsoft Visual Studio Solution File, Format Version 12.00
# Visual Studio Version 17
VisualStudioVersion = 17.9.34714.143
MinimumVisualStudioVersion = 10.0.40219.1
Project("{9A19103F-16F7-4668-BE54-9A1E7A4F7556}") = "Crontab", "Crontab.csproj", "{9CD4D8AC-AAB0-4CDB-B087-0E8982E9C833}"
EndProject
Project("{9A19103F-16F7-4668-BE54-9A1E7A4F7556}") = "Crontab.Test", "..\Crontab.Test\Crontab.Test.csproj", "{B59BF5D1-DDD8-4977-A146-CCC36B97EA22}"
EndProject
Project("{9A19103F-16F7-4668-BE54-9A1E7A4F7556}") = "CrontabFramework", "..\CrontabFramework\CrontabFramework.csproj", "{3BF59CAF-E7BD-4609-9CB1-2DEAC76CEFD4}"
EndProject
Project("{9A19103F-16F7-4668-BE54-9A1E7A4F7556}") = "CrontabStandard", "..\CrontabStandard\CrontabStandard.csproj", "{22463EA2-DECD-4DA6-A4AC-238A1C3DEF0B}"
EndProject
Global
	GlobalSection(SolutionConfigurationPlatforms) = preSolution
		Debug|Any CPU = Debug|Any CPU
		Release|Any CPU = Release|Any CPU
	EndGlobalSection
	GlobalSection(ProjectConfigurationPlatforms) = postSolution
		{9CD4D8AC-AAB0-4CDB-B087-0E8982E9C833}.Debug|Any CPU.ActiveCfg = Debug|Any CPU
		{9CD4D8AC-AAB0-4CDB-B087-0E8982E9C833}.Debug|Any CPU.Build.0 = Debug|Any CPU
		{9CD4D8AC-AAB0-4CDB-B087-0E8982E9C833}.Release|Any CPU.ActiveCfg = Release|Any CPU
		{9CD4D8AC-AAB0-4CDB-B087-0E8982E9C833}.Release|Any CPU.Build.0 = Release|Any CPU
		{B59BF5D1-DDD8-4977-A146-CCC36B97EA22}.Debug|Any CPU.ActiveCfg = Debug|Any CPU
		{B59BF5D1-DDD8-4977-A146-CCC36B97EA22}.Debug|Any CPU.Build.0 = Debug|Any CPU
		{B59BF5D1-DDD8-4977-A146-CCC36B97EA22}.Release|Any CPU.ActiveCfg = Release|Any CPU
		{B59BF5D1-DDD8-4977-A146-CCC36B97EA22}.Release|Any CPU.Build.0 = Release|Any CPU
		{3BF59CAF-E7BD-4609-9CB1-2DEAC76CEFD4}.Debug|Any CPU.ActiveCfg = Debug|Any CPU
		{3BF59CAF-E7BD-4609-9CB1-2DEAC76CEFD4}.Debug|Any CPU.Build.0 = Debug|Any CPU
		{3BF59CAF-E7BD-4609-9CB1-2DEAC76CEFD4}.Release|Any CPU.ActiveCfg = Release|Any CPU
		{3BF59CAF-E7BD-4609-9CB1-2DEAC76CEFD4}.Release|Any CPU.Build.0 = Release|Any CPU
		{22463EA2-DECD-4DA6-A4AC-238A1C3DEF0B}.Debug|Any CPU.ActiveCfg = Debug|Any CPU
		{22463EA2-DECD-4DA6-A4AC-238A1C3DEF0B}.Debug|Any CPU.Build.0 = Debug|Any CPU
		{22463EA2-DECD-4DA6-A4AC-238A1C3DEF0B}.Release|Any CPU.ActiveCfg = Release|Any CPU
		{22463EA2-DECD-4DA6-A4AC-238A1C3DEF0B}.Release|Any CPU.Build.0 = Release|Any CPU
	EndGlobalSection
	GlobalSection(SolutionProperties) = preSolution
		HideSolutionNode = FALSE
	EndGlobalSection
	GlobalSection(ExtensibilityGlobals) = postSolution
		SolutionGuid = {07B868EA-8559-4223-B9A5-5AD19E762496}
	EndGlobalSection
EndGlobal
